
Microsoft Visual Studio Solution File, Format Version 12.00
# Visual Studio Version 17
VisualStudioVersion = 17.0.31903.59
MinimumVisualStudioVersion = 10.0.40219.1
Project("{2150E333-8FDC-42A3-9474-1A3956D46DE8}") = "src", "src", "{827E0CD3-B72D-47B6-A68D-7590B98EB39B}"
EndProject
Project("{FAE04EC0-301F-11D3-BF4B-00C04F79EFBC}") = "StateMaker", "src\StateMaker\StateMaker.csproj", "{02FC89F9-6395-48BD-8683-650064E39A48}"
EndProject
Project("{FAE04EC0-301F-11D3-BF4B-00C04F79EFBC}") = "StateMaker.Tests", "src\StateMaker.Tests\StateMaker.Tests.csproj", "{7A3B6267-BE18-4F48-A9C4-E9ED7CE9FAEB}"
EndProject
Project("{FAE04EC0-301F-11D3-BF4B-00C04F79EFBC}") = "StateMaker.Console", "src\StateMaker.Console\StateMaker.Console.csproj", "{0D9843C7-A61D-4142-AFFA-770CDD4873BA}"
EndProject
Global
	GlobalSection(SolutionConfigurationPlatforms) = preSolution
		Debug|Any CPU = Debug|Any CPU
		Debug|x64 = Debug|x64
		Debug|x86 = Debug|x86
		Release|Any CPU = Release|Any CPU
		Release|x64 = Release|x64
		Release|x86 = Release|x86
	EndGlobalSection
	GlobalSection(ProjectConfigurationPlatforms) = postSolution
		{02FC89F9-6395-48BD-8683-650064E39A48}.Debug|Any CPU.ActiveCfg = Debug|Any CPU
		{02FC89F9-6395-48BD-8683-650064E39A48}.Debug|Any CPU.Build.0 = Debug|Any CPU
		{02FC89F9-6395-48BD-8683-650064E39A48}.Debug|x64.ActiveCfg = Debug|Any CPU
		{02FC89F9-6395-48BD-8683-650064E39A48}.Debug|x64.Build.0 = Debug|Any CPU
		{02FC89F9-6395-48BD-8683-650064E39A48}.Debug|x86.ActiveCfg = Debug|Any CPU
		{02FC89F9-6395-48BD-8683-650064E39A48}.Debug|x86.Build.0 = Debug|Any CPU
		{02FC89F9-6395-48BD-8683-650064E39A48}.Release|Any CPU.ActiveCfg = Release|Any CPU
		{02FC89F9-6395-48BD-8683-650064E39A48}.Release|Any CPU.Build.0 = Release|Any CPU
		{02FC89F9-6395-48BD-8683-650064E39A48}.Release|x64.ActiveCfg = Release|Any CPU
		{02FC89F9-6395-48BD-8683-650064E39A48}.Release|x64.Build.0 = Release|Any CPU
		{02FC89F9-6395-48BD-8683-650064E39A48}.Release|x86.ActiveCfg = Release|Any CPU
		{02FC89F9-6395-48BD-8683-650064E39A48}.Release|x86.Build.0 = Release|Any CPU
		{7A3B6267-BE18-4F48-A9C4-E9ED7CE9FAEB}.Debug|Any CPU.ActiveCfg = Debug|Any CPU
		{7A3B6267-BE18-4F48-A9C4-E9ED7CE9FAEB}.Debug|Any CPU.Build.0 = Debug|Any CPU
		{7A3B6267-BE18-4F48-A9C4-E9ED7CE9FAEB}.Debug|x64.ActiveCfg = Debug|Any CPU
		{7A3B6267-BE18-4F48-A9C4-E9ED7CE9FAEB}.Debug|x64.Build.0 = Debug|Any CPU
		{7A3B6267-BE18-4F48-A9C4-E9ED7CE9FAEB}.Debug|x86.ActiveCfg = Debug|Any CPU
		{7A3B6267-BE18-4F48-A9C4-E9ED7CE9FAEB}.Debug|x86.Build.0 = Debug|Any CPU
		{7A3B6267-BE18-4F48-A9C4-E9ED7CE9FAEB}.Release|Any CPU.ActiveCfg = Release|Any CPU
		{7A3B6267-BE18-4F48-A9C4-E9ED7CE9FAEB}.Release|Any CPU.Build.0 = Release|Any CPU
		{7A3B6267-BE18-4F48-A9C4-E9ED7CE9FAEB}.Release|x64.ActiveCfg = Release|Any CPU
		{7A3B6267-BE18-4F48-A9C4-E9ED7CE9FAEB}.Release|x64.Build.0 = Release|Any CPU
		{7A3B6267-BE18-4F48-A9C4-E9ED7CE9FAEB}.Release|x86.ActiveCfg = Release|Any CPU
		{7A3B6267-BE18-4F48-A9C4-E9ED7CE9FAEB}.Release|x86.Build.0 = Release|Any CPU
		{0D9843C7-A61D-4142-AFFA-770CDD4873BA}.Debug|Any CPU.ActiveCfg = Debug|Any CPU
		{0D9843C7-A61D-4142-AFFA-770CDD4873BA}.Debug|Any CPU.Build.0 = Debug|Any CPU
		{0D9843C7-A61D-4142-AFFA-770CDD4873BA}.Debug|x64.ActiveCfg = Debug|Any CPU
		{0D9843C7-A61D-4142-AFFA-770CDD4873BA}.Debug|x64.Build.0 = Debug|Any CPU
		{0D9843C7-A61D-4142-AFFA-770CDD4873BA}.Debug|x86.ActiveCfg = Debug|Any CPU
		{0D9843C7-A61D-4142-AFFA-770CDD4873BA}.Debug|x86.Build.0 = Debug|Any CPU
		{0D9843C7-A61D-4142-AFFA-770CDD4873BA}.Release|Any CPU.ActiveCfg = Release|Any CPU
		{0D9843C7-A61D-4142-AFFA-770CDD4873BA}.Release|Any CPU.Build.0 = Release|Any CPU
		{0D9843C7-A61D-4142-AFFA-770CDD4873BA}.Release|x64.ActiveCfg = Release|Any CPU
		{0D9843C7-A61D-4142-AFFA-770CDD4873BA}.Release|x64.Build.0 = Release|Any CPU
		{0D9843C7-A61D-4142-AFFA-770CDD4873BA}.Release|x86.ActiveCfg = Release|Any CPU
		{0D9843C7-A61D-4142-AFFA-770CDD4873BA}.Release|x86.Build.0 = Release|Any CPU
	EndGlobalSection
	GlobalSection(SolutionProperties) = preSolution
		HideSolutionNode = FALSE
	EndGlobalSection
	GlobalSection(NestedProjects) = preSolution
		{02FC89F9-6395-48BD-8683-650064E39A48} = {827E0CD3-B72D-47B6-A68D-7590B98EB39B}
		{7A3B6267-BE18-4F48-A9C4-E9ED7CE9FAEB} = {827E0CD3-B72D-47B6-A68D-7590B98EB39B}
		{0D9843C7-A61D-4142-AFFA-770CDD4873BA} = {827E0CD3-B72D-47B6-A68D-7590B98EB39B}
	EndGlobalSection
EndGlobal
